// !$*UTF8*$!
{
	archiveVersion = 1;
	classes = {
	};
	objectVersion = 46;
	objects = {

/* Begin PBXBuildFile section */
		064C1C412077E51F00097515 /* CustomerTabBar.swift in Sources */ = {isa = PBXBuildFile; fileRef = 064C1C402077E51F00097515 /* CustomerTabBar.swift */; };
		066079292084DC8D00A56C06 /* StoreItem.swift in Sources */ = {isa = PBXBuildFile; fileRef = 066079282084DC8D00A56C06 /* StoreItem.swift */; };
		06EAF647207E47F600D0F72F /* storeVC.swift in Sources */ = {isa = PBXBuildFile; fileRef = 06EAF646207E47F600D0F72F /* storeVC.swift */; };
		7E4C910C1EC519C3007EB735 /* AppDelegate.swift in Sources */ = {isa = PBXBuildFile; fileRef = 7E4C910B1EC519C3007EB735 /* AppDelegate.swift */; };
		7E4C910E1EC519C3007EB735 /* ViewController.swift in Sources */ = {isa = PBXBuildFile; fileRef = 7E4C910D1EC519C3007EB735 /* ViewController.swift */; };
		7E4C91111EC519C3007EB735 /* Main.storyboard in Resources */ = {isa = PBXBuildFile; fileRef = 7E4C910F1EC519C3007EB735 /* Main.storyboard */; };
		7E4C91131EC519C3007EB735 /* Assets.xcassets in Resources */ = {isa = PBXBuildFile; fileRef = 7E4C91121EC519C3007EB735 /* Assets.xcassets */; };
		7E4C91161EC519C3007EB735 /* LaunchScreen.storyboard in Resources */ = {isa = PBXBuildFile; fileRef = 7E4C91141EC519C3007EB735 /* LaunchScreen.storyboard */; };
		7E4C91211EC519C3007EB735 /* cuteCatTests.swift in Sources */ = {isa = PBXBuildFile; fileRef = 7E4C91201EC519C3007EB735 /* cuteCatTests.swift */; };
		7E4C912C1EC519C3007EB735 /* cuteCatUITests.swift in Sources */ = {isa = PBXBuildFile; fileRef = 7E4C912B1EC519C3007EB735 /* cuteCatUITests.swift */; };
		7E4C913A1EC51B54007EB735 /* popSound.mp3 in Resources */ = {isa = PBXBuildFile; fileRef = 7E4C91391EC51B54007EB735 /* popSound.mp3 */; };
		7E4C917A1EC55C79007EB735 /* UIView+rgbFade.swift in Sources */ = {isa = PBXBuildFile; fileRef = 7E4C91791EC55C79007EB735 /* UIView+rgbFade.swift */; };
		7E4C917E1EC55F1F007EB735 /* UIImageView+animate.swift in Sources */ = {isa = PBXBuildFile; fileRef = 7E4C917D1EC55F1F007EB735 /* UIImageView+animate.swift */; };
		7E669B2E1F43CC10E341DFE0 /* Pods_cuteCat.framework in Frameworks */ = {isa = PBXBuildFile; fileRef = 1F8B03B4FE8A53E9423EEEC9 /* Pods_cuteCat.framework */; };
		8592ED159BE9F58809818A2A /* Pods_cuteCatUITests.framework in Frameworks */ = {isa = PBXBuildFile; fileRef = C1BBBA26CBC0D151628F1C92 /* Pods_cuteCatUITests.framework */; };
		BDD0F3CAB93337A2D6189AB9 /* Pods_cuteCatTests.framework in Frameworks */ = {isa = PBXBuildFile; fileRef = D91E5D8FB3979A0558367B4C /* Pods_cuteCatTests.framework */; };
		EF08B1FB1EEAE43200BBB268 /* helpVC.swift in Sources */ = {isa = PBXBuildFile; fileRef = EF08B1FA1EEAE43200BBB268 /* helpVC.swift */; };
		EF5EC0C71EDDE631001E96DD /* achieveVC.swift in Sources */ = {isa = PBXBuildFile; fileRef = EF5EC0C61EDDE631001E96DD /* achieveVC.swift */; };
		EF69DBA81EE1C9C200C82AD5 /* gifs.swift in Sources */ = {isa = PBXBuildFile; fileRef = EF69DBA71EE1C9C200C82AD5 /* gifs.swift */; };
/* End PBXBuildFile section */

/* Begin PBXContainerItemProxy section */
		7E4C911D1EC519C3007EB735 /* PBXContainerItemProxy */ = {
			isa = PBXContainerItemProxy;
			containerPortal = 7E4C91001EC519C3007EB735 /* Project object */;
			proxyType = 1;
			remoteGlobalIDString = 7E4C91071EC519C3007EB735;
			remoteInfo = cuteCat;
		};
		7E4C91281EC519C3007EB735 /* PBXContainerItemProxy */ = {
			isa = PBXContainerItemProxy;
			containerPortal = 7E4C91001EC519C3007EB735 /* Project object */;
			proxyType = 1;
			remoteGlobalIDString = 7E4C91071EC519C3007EB735;
			remoteInfo = cuteCat;
		};
/* End PBXContainerItemProxy section */

/* Begin PBXFileReference section */
		064C1C402077E51F00097515 /* CustomerTabBar.swift */ = {isa = PBXFileReference; lastKnownFileType = sourcecode.swift; path = CustomerTabBar.swift; sourceTree = "<group>"; };
		066079282084DC8D00A56C06 /* StoreItem.swift */ = {isa = PBXFileReference; lastKnownFileType = sourcecode.swift; path = StoreItem.swift; sourceTree = "<group>"; };
		06EAF646207E47F600D0F72F /* storeVC.swift */ = {isa = PBXFileReference; lastKnownFileType = sourcecode.swift; path = storeVC.swift; sourceTree = "<group>"; };
		1F8B03B4FE8A53E9423EEEC9 /* Pods_cuteCat.framework */ = {isa = PBXFileReference; explicitFileType = wrapper.framework; includeInIndex = 0; path = Pods_cuteCat.framework; sourceTree = BUILT_PRODUCTS_DIR; };
		321511D9E7871796AD68D29D /* Pods-cuteCatUITests.debug.xcconfig */ = {isa = PBXFileReference; includeInIndex = 1; lastKnownFileType = text.xcconfig; name = "Pods-cuteCatUITests.debug.xcconfig"; path = "Pods/Target Support Files/Pods-cuteCatUITests/Pods-cuteCatUITests.debug.xcconfig"; sourceTree = "<group>"; };
		38F9DC22E2245FB1F26097D6 /* Pods-cuteCatTests.release.xcconfig */ = {isa = PBXFileReference; includeInIndex = 1; lastKnownFileType = text.xcconfig; name = "Pods-cuteCatTests.release.xcconfig"; path = "Pods/Target Support Files/Pods-cuteCatTests/Pods-cuteCatTests.release.xcconfig"; sourceTree = "<group>"; };
		3AE5E5908DEE29E6FB14A42D /* Pods-cuteCat.debug.xcconfig */ = {isa = PBXFileReference; includeInIndex = 1; lastKnownFileType = text.xcconfig; name = "Pods-cuteCat.debug.xcconfig"; path = "Pods/Target Support Files/Pods-cuteCat/Pods-cuteCat.debug.xcconfig"; sourceTree = "<group>"; };
		73D7D1EBED588F84A3BC5F36 /* Pods-cuteCatUITests.release.xcconfig */ = {isa = PBXFileReference; includeInIndex = 1; lastKnownFileType = text.xcconfig; name = "Pods-cuteCatUITests.release.xcconfig"; path = "Pods/Target Support Files/Pods-cuteCatUITests/Pods-cuteCatUITests.release.xcconfig"; sourceTree = "<group>"; };
		7E4C91081EC519C3007EB735 /* cuteCat.app */ = {isa = PBXFileReference; explicitFileType = wrapper.application; includeInIndex = 0; path = cuteCat.app; sourceTree = BUILT_PRODUCTS_DIR; };
		7E4C910B1EC519C3007EB735 /* AppDelegate.swift */ = {isa = PBXFileReference; lastKnownFileType = sourcecode.swift; path = AppDelegate.swift; sourceTree = "<group>"; };
		7E4C910D1EC519C3007EB735 /* ViewController.swift */ = {isa = PBXFileReference; lastKnownFileType = sourcecode.swift; path = ViewController.swift; sourceTree = "<group>"; };
		7E4C91101EC519C3007EB735 /* Base */ = {isa = PBXFileReference; lastKnownFileType = file.storyboard; name = Base; path = Base.lproj/Main.storyboard; sourceTree = "<group>"; };
		7E4C91121EC519C3007EB735 /* Assets.xcassets */ = {isa = PBXFileReference; lastKnownFileType = folder.assetcatalog; path = Assets.xcassets; sourceTree = "<group>"; };
		7E4C91151EC519C3007EB735 /* Base */ = {isa = PBXFileReference; lastKnownFileType = file.storyboard; name = Base; path = Base.lproj/LaunchScreen.storyboard; sourceTree = "<group>"; };
		7E4C91171EC519C3007EB735 /* Info.plist */ = {isa = PBXFileReference; lastKnownFileType = text.plist.xml; path = Info.plist; sourceTree = "<group>"; };
		7E4C911C1EC519C3007EB735 /* cuteCatTests.xctest */ = {isa = PBXFileReference; explicitFileType = wrapper.cfbundle; includeInIndex = 0; path = cuteCatTests.xctest; sourceTree = BUILT_PRODUCTS_DIR; };
		7E4C91201EC519C3007EB735 /* cuteCatTests.swift */ = {isa = PBXFileReference; lastKnownFileType = sourcecode.swift; path = cuteCatTests.swift; sourceTree = "<group>"; };
		7E4C91221EC519C3007EB735 /* Info.plist */ = {isa = PBXFileReference; lastKnownFileType = text.plist.xml; path = Info.plist; sourceTree = "<group>"; };
		7E4C91271EC519C3007EB735 /* cuteCatUITests.xctest */ = {isa = PBXFileReference; explicitFileType = wrapper.cfbundle; includeInIndex = 0; path = cuteCatUITests.xctest; sourceTree = BUILT_PRODUCTS_DIR; };
		7E4C912B1EC519C3007EB735 /* cuteCatUITests.swift */ = {isa = PBXFileReference; lastKnownFileType = sourcecode.swift; path = cuteCatUITests.swift; sourceTree = "<group>"; };
		7E4C912D1EC519C3007EB735 /* Info.plist */ = {isa = PBXFileReference; lastKnownFileType = text.plist.xml; path = Info.plist; sourceTree = "<group>"; };
		7E4C91391EC51B54007EB735 /* popSound.mp3 */ = {isa = PBXFileReference; lastKnownFileType = audio.mp3; path = popSound.mp3; sourceTree = "<group>"; };
		7E4C91791EC55C79007EB735 /* UIView+rgbFade.swift */ = {isa = PBXFileReference; fileEncoding = 4; lastKnownFileType = sourcecode.swift; path = "UIView+rgbFade.swift"; sourceTree = "<group>"; };
		7E4C917D1EC55F1F007EB735 /* UIImageView+animate.swift */ = {isa = PBXFileReference; fileEncoding = 4; lastKnownFileType = sourcecode.swift; path = "UIImageView+animate.swift"; sourceTree = "<group>"; };
		9D278AACDA03F8BF16ABE950 /* Pods-cuteCat.release.xcconfig */ = {isa = PBXFileReference; includeInIndex = 1; lastKnownFileType = text.xcconfig; name = "Pods-cuteCat.release.xcconfig"; path = "Pods/Target Support Files/Pods-cuteCat/Pods-cuteCat.release.xcconfig"; sourceTree = "<group>"; };
		C1BBBA26CBC0D151628F1C92 /* Pods_cuteCatUITests.framework */ = {isa = PBXFileReference; explicitFileType = wrapper.framework; includeInIndex = 0; path = Pods_cuteCatUITests.framework; sourceTree = BUILT_PRODUCTS_DIR; };
		D91E5D8FB3979A0558367B4C /* Pods_cuteCatTests.framework */ = {isa = PBXFileReference; explicitFileType = wrapper.framework; includeInIndex = 0; path = Pods_cuteCatTests.framework; sourceTree = BUILT_PRODUCTS_DIR; };
		EF08B1FA1EEAE43200BBB268 /* helpVC.swift */ = {isa = PBXFileReference; fileEncoding = 4; lastKnownFileType = sourcecode.swift; path = helpVC.swift; sourceTree = "<group>"; };
		EF5EC0C61EDDE631001E96DD /* achieveVC.swift */ = {isa = PBXFileReference; fileEncoding = 4; lastKnownFileType = sourcecode.swift; path = achieveVC.swift; sourceTree = "<group>"; };
		EF69DBA71EE1C9C200C82AD5 /* gifs.swift */ = {isa = PBXFileReference; fileEncoding = 4; lastKnownFileType = sourcecode.swift; path = gifs.swift; sourceTree = "<group>"; };
		F0707C2030FEEAB4EA3BA81F /* Pods-cuteCatTests.debug.xcconfig */ = {isa = PBXFileReference; includeInIndex = 1; lastKnownFileType = text.xcconfig; name = "Pods-cuteCatTests.debug.xcconfig"; path = "Pods/Target Support Files/Pods-cuteCatTests/Pods-cuteCatTests.debug.xcconfig"; sourceTree = "<group>"; };
/* End PBXFileReference section */

/* Begin PBXFrameworksBuildPhase section */
		7E4C91051EC519C3007EB735 /* Frameworks */ = {
			isa = PBXFrameworksBuildPhase;
			buildActionMask = 2147483647;
			files = (
				7E669B2E1F43CC10E341DFE0 /* Pods_cuteCat.framework in Frameworks */,
			);
			runOnlyForDeploymentPostprocessing = 0;
		};
		7E4C91191EC519C3007EB735 /* Frameworks */ = {
			isa = PBXFrameworksBuildPhase;
			buildActionMask = 2147483647;
			files = (
				BDD0F3CAB93337A2D6189AB9 /* Pods_cuteCatTests.framework in Frameworks */,
			);
			runOnlyForDeploymentPostprocessing = 0;
		};
		7E4C91241EC519C3007EB735 /* Frameworks */ = {
			isa = PBXFrameworksBuildPhase;
			buildActionMask = 2147483647;
			files = (
				8592ED159BE9F58809818A2A /* Pods_cuteCatUITests.framework in Frameworks */,
			);
			runOnlyForDeploymentPostprocessing = 0;
		};
/* End PBXFrameworksBuildPhase section */

/* Begin PBXGroup section */
		0660792A2084DD0700A56C06 /* VC */ = {
			isa = PBXGroup;
			children = (
				064C1C402077E51F00097515 /* CustomerTabBar.swift */,
				7E4C910D1EC519C3007EB735 /* ViewController.swift */,
				EF08B1FA1EEAE43200BBB268 /* helpVC.swift */,
				EF5EC0C61EDDE631001E96DD /* achieveVC.swift */,
				06EAF646207E47F600D0F72F /* storeVC.swift */,
			);
			path = VC;
			sourceTree = "<group>";
		};
		0660792B2084DD4100A56C06 /* Supporting Files */ = {
			isa = PBXGroup;
			children = (
				EF69DBA71EE1C9C200C82AD5 /* gifs.swift */,
				7E4C91791EC55C79007EB735 /* UIView+rgbFade.swift */,
				7E4C917D1EC55F1F007EB735 /* UIImageView+animate.swift */,
				066079282084DC8D00A56C06 /* StoreItem.swift */,
			);
			path = "Supporting Files";
			sourceTree = "<group>";
		};
		0904D12D02418F9C8C27F073 /* Frameworks */ = {
			isa = PBXGroup;
			children = (
				1F8B03B4FE8A53E9423EEEC9 /* Pods_cuteCat.framework */,
				D91E5D8FB3979A0558367B4C /* Pods_cuteCatTests.framework */,
				C1BBBA26CBC0D151628F1C92 /* Pods_cuteCatUITests.framework */,
			);
			name = Frameworks;
			sourceTree = "<group>";
		};
		6261BB57B432DAD8F54B4F03 /* Pods */ = {
			isa = PBXGroup;
			children = (
				3AE5E5908DEE29E6FB14A42D /* Pods-cuteCat.debug.xcconfig */,
				9D278AACDA03F8BF16ABE950 /* Pods-cuteCat.release.xcconfig */,
				F0707C2030FEEAB4EA3BA81F /* Pods-cuteCatTests.debug.xcconfig */,
				38F9DC22E2245FB1F26097D6 /* Pods-cuteCatTests.release.xcconfig */,
				321511D9E7871796AD68D29D /* Pods-cuteCatUITests.debug.xcconfig */,
				73D7D1EBED588F84A3BC5F36 /* Pods-cuteCatUITests.release.xcconfig */,
			);
			name = Pods;
			sourceTree = "<group>";
		};
		7E4C90FF1EC519C3007EB735 = {
			isa = PBXGroup;
			children = (
				7E4C910A1EC519C3007EB735 /* cuteCat */,
				7E4C911F1EC519C3007EB735 /* cuteCatTests */,
				7E4C912A1EC519C3007EB735 /* cuteCatUITests */,
				7E4C91091EC519C3007EB735 /* Products */,
				6261BB57B432DAD8F54B4F03 /* Pods */,
				0904D12D02418F9C8C27F073 /* Frameworks */,
			);
			sourceTree = "<group>";
		};
		7E4C91091EC519C3007EB735 /* Products */ = {
			isa = PBXGroup;
			children = (
				7E4C91081EC519C3007EB735 /* cuteCat.app */,
				7E4C911C1EC519C3007EB735 /* cuteCatTests.xctest */,
				7E4C91271EC519C3007EB735 /* cuteCatUITests.xctest */,
			);
			name = Products;
			sourceTree = "<group>";
		};
		7E4C910A1EC519C3007EB735 /* cuteCat */ = {
			isa = PBXGroup;
			children = (
				0660792A2084DD0700A56C06 /* VC */,
				7E4C910B1EC519C3007EB735 /* AppDelegate.swift */,
				7E4C910F1EC519C3007EB735 /* Main.storyboard */,
				7E4C91121EC519C3007EB735 /* Assets.xcassets */,
				7E4C91141EC519C3007EB735 /* LaunchScreen.storyboard */,
				7E4C91391EC51B54007EB735 /* popSound.mp3 */,
				7E4C91171EC519C3007EB735 /* Info.plist */,
				0660792B2084DD4100A56C06 /* Supporting Files */,
			);
			path = cuteCat;
			sourceTree = "<group>";
		};
		7E4C911F1EC519C3007EB735 /* cuteCatTests */ = {
			isa = PBXGroup;
			children = (
				7E4C91201EC519C3007EB735 /* cuteCatTests.swift */,
				7E4C91221EC519C3007EB735 /* Info.plist */,
			);
			path = cuteCatTests;
			sourceTree = "<group>";
		};
		7E4C912A1EC519C3007EB735 /* cuteCatUITests */ = {
			isa = PBXGroup;
			children = (
				7E4C912B1EC519C3007EB735 /* cuteCatUITests.swift */,
				7E4C912D1EC519C3007EB735 /* Info.plist */,
			);
			path = cuteCatUITests;
			sourceTree = "<group>";
		};
/* End PBXGroup section */

/* Begin PBXNativeTarget section */
		7E4C91071EC519C3007EB735 /* cuteCat */ = {
			isa = PBXNativeTarget;
			buildConfigurationList = 7E4C91301EC519C3007EB735 /* Build configuration list for PBXNativeTarget "cuteCat" */;
			buildPhases = (
				EE782D70C1D3F500883753BA /* [CP] Check Pods Manifest.lock */,
				7E4C91041EC519C3007EB735 /* Sources */,
				7E4C91051EC519C3007EB735 /* Frameworks */,
				7E4C91061EC519C3007EB735 /* Resources */,
				003A300D84AB33EAF7B82587 /* [CP] Embed Pods Frameworks */,
				494E462B8EDA0858D4489C78 /* [CP] Copy Pods Resources */,
			);
			buildRules = (
			);
			dependencies = (
			);
			name = cuteCat;
			productName = cuteCat;
			productReference = 7E4C91081EC519C3007EB735 /* cuteCat.app */;
			productType = "com.apple.product-type.application";
		};
		7E4C911B1EC519C3007EB735 /* cuteCatTests */ = {
			isa = PBXNativeTarget;
			buildConfigurationList = 7E4C91331EC519C3007EB735 /* Build configuration list for PBXNativeTarget "cuteCatTests" */;
			buildPhases = (
				6A17E848A474980D6D6BAE4F /* [CP] Check Pods Manifest.lock */,
				7E4C91181EC519C3007EB735 /* Sources */,
				7E4C91191EC519C3007EB735 /* Frameworks */,
				7E4C911A1EC519C3007EB735 /* Resources */,
				905F56A82CA58D10145D89D7 /* [CP] Embed Pods Frameworks */,
				EB65043803FFB14616519DB2 /* [CP] Copy Pods Resources */,
			);
			buildRules = (
			);
			dependencies = (
				7E4C911E1EC519C3007EB735 /* PBXTargetDependency */,
			);
			name = cuteCatTests;
			productName = cuteCatTests;
			productReference = 7E4C911C1EC519C3007EB735 /* cuteCatTests.xctest */;
			productType = "com.apple.product-type.bundle.unit-test";
		};
		7E4C91261EC519C3007EB735 /* cuteCatUITests */ = {
			isa = PBXNativeTarget;
			buildConfigurationList = 7E4C91361EC519C3007EB735 /* Build configuration list for PBXNativeTarget "cuteCatUITests" */;
			buildPhases = (
				F9033B5BB905B14702163529 /* [CP] Check Pods Manifest.lock */,
				7E4C91231EC519C3007EB735 /* Sources */,
				7E4C91241EC519C3007EB735 /* Frameworks */,
				7E4C91251EC519C3007EB735 /* Resources */,
				1B68DE9EFC1F675B9AD18395 /* [CP] Embed Pods Frameworks */,
				8A90FEE3E1626A7FD20DDAE3 /* [CP] Copy Pods Resources */,
			);
			buildRules = (
			);
			dependencies = (
				7E4C91291EC519C3007EB735 /* PBXTargetDependency */,
			);
			name = cuteCatUITests;
			productName = cuteCatUITests;
			productReference = 7E4C91271EC519C3007EB735 /* cuteCatUITests.xctest */;
			productType = "com.apple.product-type.bundle.ui-testing";
		};
/* End PBXNativeTarget section */

/* Begin PBXProject section */
		7E4C91001EC519C3007EB735 /* Project object */ = {
			isa = PBXProject;
			attributes = {
				LastSwiftUpdateCheck = 0830;
				LastUpgradeCheck = 0920;
				ORGANIZATIONNAME = "Alisha Fong";
				TargetAttributes = {
					7E4C91071EC519C3007EB735 = {
						CreatedOnToolsVersion = 8.3.2;
						DevelopmentTeam = MJ6E6AD3QZ;
						LastSwiftMigration = 0920;
						ProvisioningStyle = Automatic;
					};
					7E4C911B1EC519C3007EB735 = {
						CreatedOnToolsVersion = 8.3.2;
						DevelopmentTeam = AM8T85FCLU;
						LastSwiftMigration = 0920;
						ProvisioningStyle = Automatic;
						TestTargetID = 7E4C91071EC519C3007EB735;
					};
					7E4C91261EC519C3007EB735 = {
						CreatedOnToolsVersion = 8.3.2;
						DevelopmentTeam = AM8T85FCLU;
						LastSwiftMigration = 0920;
						ProvisioningStyle = Automatic;
						TestTargetID = 7E4C91071EC519C3007EB735;
					};
				};
			};
			buildConfigurationList = 7E4C91031EC519C3007EB735 /* Build configuration list for PBXProject "cuteCat" */;
			compatibilityVersion = "Xcode 3.2";
			developmentRegion = English;
			hasScannedForEncodings = 0;
			knownRegions = (
				en,
				Base,
			);
			mainGroup = 7E4C90FF1EC519C3007EB735;
			productRefGroup = 7E4C91091EC519C3007EB735 /* Products */;
			projectDirPath = "";
			projectRoot = "";
			targets = (
				7E4C91071EC519C3007EB735 /* cuteCat */,
				7E4C911B1EC519C3007EB735 /* cuteCatTests */,
				7E4C91261EC519C3007EB735 /* cuteCatUITests */,
			);
		};
/* End PBXProject section */

/* Begin PBXResourcesBuildPhase section */
		7E4C91061EC519C3007EB735 /* Resources */ = {
			isa = PBXResourcesBuildPhase;
			buildActionMask = 2147483647;
			files = (
				7E4C91161EC519C3007EB735 /* LaunchScreen.storyboard in Resources */,
				7E4C91131EC519C3007EB735 /* Assets.xcassets in Resources */,
				7E4C913A1EC51B54007EB735 /* popSound.mp3 in Resources */,
				7E4C91111EC519C3007EB735 /* Main.storyboard in Resources */,
			);
			runOnlyForDeploymentPostprocessing = 0;
		};
		7E4C911A1EC519C3007EB735 /* Resources */ = {
			isa = PBXResourcesBuildPhase;
			buildActionMask = 2147483647;
			files = (
			);
			runOnlyForDeploymentPostprocessing = 0;
		};
		7E4C91251EC519C3007EB735 /* Resources */ = {
			isa = PBXResourcesBuildPhase;
			buildActionMask = 2147483647;
			files = (
			);
			runOnlyForDeploymentPostprocessing = 0;
		};
/* End PBXResourcesBuildPhase section */

/* Begin PBXShellScriptBuildPhase section */
		003A300D84AB33EAF7B82587 /* [CP] Embed Pods Frameworks */ = {
			isa = PBXShellScriptBuildPhase;
			buildActionMask = 2147483647;
			files = (
			);
			inputPaths = (
				"${SRCROOT}/Pods/Target Support Files/Pods-cuteCat/Pods-cuteCat-frameworks.sh",
				"${BUILT_PRODUCTS_DIR}/NotificationBanner/NotificationBanner.framework",
			);
			name = "[CP] Embed Pods Frameworks";
			outputPaths = (
				"${TARGET_BUILD_DIR}/${FRAMEWORKS_FOLDER_PATH}/NotificationBanner.framework",
			);
			runOnlyForDeploymentPostprocessing = 0;
			shellPath = /bin/sh;
			shellScript = "\"${SRCROOT}/Pods/Target Support Files/Pods-cuteCat/Pods-cuteCat-frameworks.sh\"\n";
			showEnvVarsInLog = 0;
		};
		1B68DE9EFC1F675B9AD18395 /* [CP] Embed Pods Frameworks */ = {
			isa = PBXShellScriptBuildPhase;
			buildActionMask = 2147483647;
			files = (
			);
			inputPaths = (
			);
			name = "[CP] Embed Pods Frameworks";
			outputPaths = (
			);
			runOnlyForDeploymentPostprocessing = 0;
			shellPath = /bin/sh;
			shellScript = "\"${SRCROOT}/Pods/Target Support Files/Pods-cuteCatUITests/Pods-cuteCatUITests-frameworks.sh\"\n";
			showEnvVarsInLog = 0;
		};
		494E462B8EDA0858D4489C78 /* [CP] Copy Pods Resources */ = {
			isa = PBXShellScriptBuildPhase;
			buildActionMask = 2147483647;
			files = (
			);
			inputPaths = (
			);
			name = "[CP] Copy Pods Resources";
			outputPaths = (
			);
			runOnlyForDeploymentPostprocessing = 0;
			shellPath = /bin/sh;
			shellScript = "\"${SRCROOT}/Pods/Target Support Files/Pods-cuteCat/Pods-cuteCat-resources.sh\"\n";
			showEnvVarsInLog = 0;
		};
		6A17E848A474980D6D6BAE4F /* [CP] Check Pods Manifest.lock */ = {
			isa = PBXShellScriptBuildPhase;
			buildActionMask = 2147483647;
			files = (
			);
			inputPaths = (
				"${PODS_PODFILE_DIR_PATH}/Podfile.lock",
				"${PODS_ROOT}/Manifest.lock",
			);
			name = "[CP] Check Pods Manifest.lock";
			outputPaths = (
				"$(DERIVED_FILE_DIR)/Pods-cuteCatTests-checkManifestLockResult.txt",
			);
			runOnlyForDeploymentPostprocessing = 0;
			shellPath = /bin/sh;
			shellScript = "diff \"${PODS_PODFILE_DIR_PATH}/Podfile.lock\" \"${PODS_ROOT}/Manifest.lock\" > /dev/null\nif [ $? != 0 ] ; then\n    # print error to STDERR\n    echo \"error: The sandbox is not in sync with the Podfile.lock. Run 'pod install' or update your CocoaPods installation.\" >&2\n    exit 1\nfi\n# This output is used by Xcode 'outputs' to avoid re-running this script phase.\necho \"SUCCESS\" > \"${SCRIPT_OUTPUT_FILE_0}\"\n";
			showEnvVarsInLog = 0;
		};
		8A90FEE3E1626A7FD20DDAE3 /* [CP] Copy Pods Resources */ = {
			isa = PBXShellScriptBuildPhase;
			buildActionMask = 2147483647;
			files = (
			);
			inputPaths = (
			);
			name = "[CP] Copy Pods Resources";
			outputPaths = (
			);
			runOnlyForDeploymentPostprocessing = 0;
			shellPath = /bin/sh;
			shellScript = "\"${SRCROOT}/Pods/Target Support Files/Pods-cuteCatUITests/Pods-cuteCatUITests-resources.sh\"\n";
			showEnvVarsInLog = 0;
		};
		905F56A82CA58D10145D89D7 /* [CP] Embed Pods Frameworks */ = {
			isa = PBXShellScriptBuildPhase;
			buildActionMask = 2147483647;
			files = (
			);
			inputPaths = (
			);
			name = "[CP] Embed Pods Frameworks";
			outputPaths = (
			);
			runOnlyForDeploymentPostprocessing = 0;
			shellPath = /bin/sh;
			shellScript = "\"${SRCROOT}/Pods/Target Support Files/Pods-cuteCatTests/Pods-cuteCatTests-frameworks.sh\"\n";
			showEnvVarsInLog = 0;
		};
		EB65043803FFB14616519DB2 /* [CP] Copy Pods Resources */ = {
			isa = PBXShellScriptBuildPhase;
			buildActionMask = 2147483647;
			files = (
			);
			inputPaths = (
			);
			name = "[CP] Copy Pods Resources";
			outputPaths = (
			);
			runOnlyForDeploymentPostprocessing = 0;
			shellPath = /bin/sh;
			shellScript = "\"${SRCROOT}/Pods/Target Support Files/Pods-cuteCatTests/Pods-cuteCatTests-resources.sh\"\n";
			showEnvVarsInLog = 0;
		};
		EE782D70C1D3F500883753BA /* [CP] Check Pods Manifest.lock */ = {
			isa = PBXShellScriptBuildPhase;
			buildActionMask = 2147483647;
			files = (
			);
			inputPaths = (
				"${PODS_PODFILE_DIR_PATH}/Podfile.lock",
				"${PODS_ROOT}/Manifest.lock",
			);
			name = "[CP] Check Pods Manifest.lock";
			outputPaths = (
				"$(DERIVED_FILE_DIR)/Pods-cuteCat-checkManifestLockResult.txt",
			);
			runOnlyForDeploymentPostprocessing = 0;
			shellPath = /bin/sh;
			shellScript = "diff \"${PODS_PODFILE_DIR_PATH}/Podfile.lock\" \"${PODS_ROOT}/Manifest.lock\" > /dev/null\nif [ $? != 0 ] ; then\n    # print error to STDERR\n    echo \"error: The sandbox is not in sync with the Podfile.lock. Run 'pod install' or update your CocoaPods installation.\" >&2\n    exit 1\nfi\n# This output is used by Xcode 'outputs' to avoid re-running this script phase.\necho \"SUCCESS\" > \"${SCRIPT_OUTPUT_FILE_0}\"\n";
			showEnvVarsInLog = 0;
		};
		F9033B5BB905B14702163529 /* [CP] Check Pods Manifest.lock */ = {
			isa = PBXShellScriptBuildPhase;
			buildActionMask = 2147483647;
			files = (
			);
			inputPaths = (
				"${PODS_PODFILE_DIR_PATH}/Podfile.lock",
				"${PODS_ROOT}/Manifest.lock",
			);
			name = "[CP] Check Pods Manifest.lock";
			outputPaths = (
				"$(DERIVED_FILE_DIR)/Pods-cuteCatUITests-checkManifestLockResult.txt",
			);
			runOnlyForDeploymentPostprocessing = 0;
			shellPath = /bin/sh;
			shellScript = "diff \"${PODS_PODFILE_DIR_PATH}/Podfile.lock\" \"${PODS_ROOT}/Manifest.lock\" > /dev/null\nif [ $? != 0 ] ; then\n    # print error to STDERR\n    echo \"error: The sandbox is not in sync with the Podfile.lock. Run 'pod install' or update your CocoaPods installation.\" >&2\n    exit 1\nfi\n# This output is used by Xcode 'outputs' to avoid re-running this script phase.\necho \"SUCCESS\" > \"${SCRIPT_OUTPUT_FILE_0}\"\n";
			showEnvVarsInLog = 0;
		};
/* End PBXShellScriptBuildPhase section */

/* Begin PBXSourcesBuildPhase section */
		7E4C91041EC519C3007EB735 /* Sources */ = {
			isa = PBXSourcesBuildPhase;
			buildActionMask = 2147483647;
			files = (
				7E4C917A1EC55C79007EB735 /* UIView+rgbFade.swift in Sources */,
				7E4C910E1EC519C3007EB735 /* ViewController.swift in Sources */,
				06EAF647207E47F600D0F72F /* storeVC.swift in Sources */,
				EF08B1FB1EEAE43200BBB268 /* helpVC.swift in Sources */,
				EF69DBA81EE1C9C200C82AD5 /* gifs.swift in Sources */,
				7E4C917E1EC55F1F007EB735 /* UIImageView+animate.swift in Sources */,
				064C1C412077E51F00097515 /* CustomerTabBar.swift in Sources */,
				7E4C910C1EC519C3007EB735 /* AppDelegate.swift in Sources */,
				EF5EC0C71EDDE631001E96DD /* achieveVC.swift in Sources */,
				066079292084DC8D00A56C06 /* StoreItem.swift in Sources */,
			);
			runOnlyForDeploymentPostprocessing = 0;
		};
		7E4C91181EC519C3007EB735 /* Sources */ = {
			isa = PBXSourcesBuildPhase;
			buildActionMask = 2147483647;
			files = (
				7E4C91211EC519C3007EB735 /* cuteCatTests.swift in Sources */,
			);
			runOnlyForDeploymentPostprocessing = 0;
		};
		7E4C91231EC519C3007EB735 /* Sources */ = {
			isa = PBXSourcesBuildPhase;
			buildActionMask = 2147483647;
			files = (
				7E4C912C1EC519C3007EB735 /* cuteCatUITests.swift in Sources */,
			);
			runOnlyForDeploymentPostprocessing = 0;
		};
/* End PBXSourcesBuildPhase section */

/* Begin PBXTargetDependency section */
		7E4C911E1EC519C3007EB735 /* PBXTargetDependency */ = {
			isa = PBXTargetDependency;
			target = 7E4C91071EC519C3007EB735 /* cuteCat */;
			targetProxy = 7E4C911D1EC519C3007EB735 /* PBXContainerItemProxy */;
		};
		7E4C91291EC519C3007EB735 /* PBXTargetDependency */ = {
			isa = PBXTargetDependency;
			target = 7E4C91071EC519C3007EB735 /* cuteCat */;
			targetProxy = 7E4C91281EC519C3007EB735 /* PBXContainerItemProxy */;
		};
/* End PBXTargetDependency section */

/* Begin PBXVariantGroup section */
		7E4C910F1EC519C3007EB735 /* Main.storyboard */ = {
			isa = PBXVariantGroup;
			children = (
				7E4C91101EC519C3007EB735 /* Base */,
			);
			name = Main.storyboard;
			sourceTree = "<group>";
		};
		7E4C91141EC519C3007EB735 /* LaunchScreen.storyboard */ = {
			isa = PBXVariantGroup;
			children = (
				7E4C91151EC519C3007EB735 /* Base */,
			);
			name = LaunchScreen.storyboard;
			sourceTree = "<group>";
		};
/* End PBXVariantGroup section */

/* Begin XCBuildConfiguration section */
		7E4C912E1EC519C3007EB735 /* Debug */ = {
			isa = XCBuildConfiguration;
			buildSettings = {
				ALWAYS_SEARCH_USER_PATHS = NO;
				CLANG_ANALYZER_NONNULL = YES;
				CLANG_ANALYZER_NUMBER_OBJECT_CONVERSION = YES_AGGRESSIVE;
				CLANG_CXX_LANGUAGE_STANDARD = "gnu++0x";
				CLANG_CXX_LIBRARY = "libc++";
				CLANG_ENABLE_MODULES = YES;
				CLANG_ENABLE_OBJC_ARC = YES;
				CLANG_WARN_BLOCK_CAPTURE_AUTORELEASING = YES;
				CLANG_WARN_BOOL_CONVERSION = YES;
				CLANG_WARN_COMMA = YES;
				CLANG_WARN_CONSTANT_CONVERSION = YES;
				CLANG_WARN_DIRECT_OBJC_ISA_USAGE = YES_ERROR;
				CLANG_WARN_DOCUMENTATION_COMMENTS = YES;
				CLANG_WARN_EMPTY_BODY = YES;
				CLANG_WARN_ENUM_CONVERSION = YES;
				CLANG_WARN_INFINITE_RECURSION = YES;
				CLANG_WARN_INT_CONVERSION = YES;
				CLANG_WARN_NON_LITERAL_NULL_CONVERSION = YES;
				CLANG_WARN_OBJC_LITERAL_CONVERSION = YES;
				CLANG_WARN_OBJC_ROOT_CLASS = YES_ERROR;
				CLANG_WARN_RANGE_LOOP_ANALYSIS = YES;
				CLANG_WARN_STRICT_PROTOTYPES = YES;
				CLANG_WARN_SUSPICIOUS_MOVE = YES;
				CLANG_WARN_UNREACHABLE_CODE = YES;
				CLANG_WARN__DUPLICATE_METHOD_MATCH = YES;
				"CODE_SIGN_IDENTITY[sdk=iphoneos*]" = "iPhone Developer";
				COPY_PHASE_STRIP = NO;
				DEBUG_INFORMATION_FORMAT = dwarf;
				ENABLE_STRICT_OBJC_MSGSEND = YES;
				ENABLE_TESTABILITY = YES;
				GCC_C_LANGUAGE_STANDARD = gnu99;
				GCC_DYNAMIC_NO_PIC = NO;
				GCC_NO_COMMON_BLOCKS = YES;
				GCC_OPTIMIZATION_LEVEL = 0;
				GCC_PREPROCESSOR_DEFINITIONS = (
					"DEBUG=1",
					"$(inherited)",
				);
				GCC_WARN_64_TO_32_BIT_CONVERSION = YES;
				GCC_WARN_ABOUT_RETURN_TYPE = YES_ERROR;
				GCC_WARN_UNDECLARED_SELECTOR = YES;
				GCC_WARN_UNINITIALIZED_AUTOS = YES_AGGRESSIVE;
				GCC_WARN_UNUSED_FUNCTION = YES;
				GCC_WARN_UNUSED_VARIABLE = YES;
				IPHONEOS_DEPLOYMENT_TARGET = 10.3;
				MTL_ENABLE_DEBUG_INFO = YES;
				ONLY_ACTIVE_ARCH = YES;
				SDKROOT = iphoneos;
				SWIFT_ACTIVE_COMPILATION_CONDITIONS = DEBUG;
				SWIFT_OPTIMIZATION_LEVEL = "-Onone";
				TARGETED_DEVICE_FAMILY = "1,2";
			};
			name = Debug;
		};
		7E4C912F1EC519C3007EB735 /* Release */ = {
			isa = XCBuildConfiguration;
			buildSettings = {
				ALWAYS_SEARCH_USER_PATHS = NO;
				CLANG_ANALYZER_NONNULL = YES;
				CLANG_ANALYZER_NUMBER_OBJECT_CONVERSION = YES_AGGRESSIVE;
				CLANG_CXX_LANGUAGE_STANDARD = "gnu++0x";
				CLANG_CXX_LIBRARY = "libc++";
				CLANG_ENABLE_MODULES = YES;
				CLANG_ENABLE_OBJC_ARC = YES;
				CLANG_WARN_BLOCK_CAPTURE_AUTORELEASING = YES;
				CLANG_WARN_BOOL_CONVERSION = YES;
				CLANG_WARN_COMMA = YES;
				CLANG_WARN_CONSTANT_CONVERSION = YES;
				CLANG_WARN_DIRECT_OBJC_ISA_USAGE = YES_ERROR;
				CLANG_WARN_DOCUMENTATION_COMMENTS = YES;
				CLANG_WARN_EMPTY_BODY = YES;
				CLANG_WARN_ENUM_CONVERSION = YES;
				CLANG_WARN_INFINITE_RECURSION = YES;
				CLANG_WARN_INT_CONVERSION = YES;
				CLANG_WARN_NON_LITERAL_NULL_CONVERSION = YES;
				CLANG_WARN_OBJC_LITERAL_CONVERSION = YES;
				CLANG_WARN_OBJC_ROOT_CLASS = YES_ERROR;
				CLANG_WARN_RANGE_LOOP_ANALYSIS = YES;
				CLANG_WARN_STRICT_PROTOTYPES = YES;
				CLANG_WARN_SUSPICIOUS_MOVE = YES;
				CLANG_WARN_UNREACHABLE_CODE = YES;
				CLANG_WARN__DUPLICATE_METHOD_MATCH = YES;
				"CODE_SIGN_IDENTITY[sdk=iphoneos*]" = "iPhone Developer";
				COPY_PHASE_STRIP = NO;
				DEBUG_INFORMATION_FORMAT = "dwarf-with-dsym";
				ENABLE_NS_ASSERTIONS = NO;
				ENABLE_STRICT_OBJC_MSGSEND = YES;
				GCC_C_LANGUAGE_STANDARD = gnu99;
				GCC_NO_COMMON_BLOCKS = YES;
				GCC_WARN_64_TO_32_BIT_CONVERSION = YES;
				GCC_WARN_ABOUT_RETURN_TYPE = YES_ERROR;
				GCC_WARN_UNDECLARED_SELECTOR = YES;
				GCC_WARN_UNINITIALIZED_AUTOS = YES_AGGRESSIVE;
				GCC_WARN_UNUSED_FUNCTION = YES;
				GCC_WARN_UNUSED_VARIABLE = YES;
				IPHONEOS_DEPLOYMENT_TARGET = 10.3;
				MTL_ENABLE_DEBUG_INFO = NO;
				SDKROOT = iphoneos;
				SWIFT_OPTIMIZATION_LEVEL = "-Owholemodule";
				TARGETED_DEVICE_FAMILY = "1,2";
				VALIDATE_PRODUCT = YES;
			};
			name = Release;
		};
		7E4C91311EC519C3007EB735 /* Debug */ = {
			isa = XCBuildConfiguration;
			baseConfigurationReference = 3AE5E5908DEE29E6FB14A42D /* Pods-cuteCat.debug.xcconfig */;
			buildSettings = {
				ASSETCATALOG_COMPILER_APPICON_NAME = AppIcon;
				DEVELOPMENT_TEAM = MJ6E6AD3QZ;
				INFOPLIST_FILE = cuteCat/Info.plist;
				LD_RUNPATH_SEARCH_PATHS = "$(inherited) @executable_path/Frameworks";
				PRODUCT_BUNDLE_IDENTIFIER = af.cuteCat;
				PRODUCT_NAME = "$(TARGET_NAME)";
				SWIFT_SWIFT3_OBJC_INFERENCE = On;
				SWIFT_VERSION = 4.0;
			};
			name = Debug;
		};
		7E4C91321EC519C3007EB735 /* Release */ = {
			isa = XCBuildConfiguration;
			baseConfigurationReference = 9D278AACDA03F8BF16ABE950 /* Pods-cuteCat.release.xcconfig */;
			buildSettings = {
				ASSETCATALOG_COMPILER_APPICON_NAME = AppIcon;
				DEVELOPMENT_TEAM = MJ6E6AD3QZ;
				INFOPLIST_FILE = cuteCat/Info.plist;
				LD_RUNPATH_SEARCH_PATHS = "$(inherited) @executable_path/Frameworks";
				PRODUCT_BUNDLE_IDENTIFIER = af.cuteCat;
				PRODUCT_NAME = "$(TARGET_NAME)";
				SWIFT_SWIFT3_OBJC_INFERENCE = On;
				SWIFT_VERSION = 4.0;
			};
			name = Release;
		};
		7E4C91341EC519C3007EB735 /* Debug */ = {
			isa = XCBuildConfiguration;
			baseConfigurationReference = F0707C2030FEEAB4EA3BA81F /* Pods-cuteCatTests.debug.xcconfig */;
			buildSettings = {
				ALWAYS_EMBED_SWIFT_STANDARD_LIBRARIES = YES;
				BUNDLE_LOADER = "$(TEST_HOST)";
				DEVELOPMENT_TEAM = AM8T85FCLU;
				INFOPLIST_FILE = cuteCatTests/Info.plist;
				LD_RUNPATH_SEARCH_PATHS = "$(inherited) @executable_path/Frameworks @loader_path/Frameworks";
				PRODUCT_BUNDLE_IDENTIFIER = af.cuteCatTests;
				PRODUCT_NAME = "$(TARGET_NAME)";
				SWIFT_SWIFT3_OBJC_INFERENCE = On;
				SWIFT_VERSION = 4.0;
				TEST_HOST = "$(BUILT_PRODUCTS_DIR)/cuteCat.app/cuteCat";
			};
			name = Debug;
		};
		7E4C91351EC519C3007EB735 /* Release */ = {
			isa = XCBuildConfiguration;
			baseConfigurationReference = 38F9DC22E2245FB1F26097D6 /* Pods-cuteCatTests.release.xcconfig */;
			buildSettings = {
				ALWAYS_EMBED_SWIFT_STANDARD_LIBRARIES = YES;
				BUNDLE_LOADER = "$(TEST_HOST)";
				DEVELOPMENT_TEAM = AM8T85FCLU;
				INFOPLIST_FILE = cuteCatTests/Info.plist;
				LD_RUNPATH_SEARCH_PATHS = "$(inherited) @executable_path/Frameworks @loader_path/Frameworks";
				PRODUCT_BUNDLE_IDENTIFIER = af.cuteCatTests;
				PRODUCT_NAME = "$(TARGET_NAME)";
				SWIFT_SWIFT3_OBJC_INFERENCE = On;
				SWIFT_VERSION = 4.0;
				TEST_HOST = "$(BUILT_PRODUCTS_DIR)/cuteCat.app/cuteCat";
			};
			name = Release;
		};
		7E4C91371EC519C3007EB735 /* Debug */ = {
			isa = XCBuildConfiguration;
			baseConfigurationReference = 321511D9E7871796AD68D29D /* Pods-cuteCatUITests.debug.xcconfig */;
			buildSettings = {
				ALWAYS_EMBED_SWIFT_STANDARD_LIBRARIES = YES;
				DEVELOPMENT_TEAM = AM8T85FCLU;
				INFOPLIST_FILE = cuteCatUITests/Info.plist;
				LD_RUNPATH_SEARCH_PATHS = "$(inherited) @executable_path/Frameworks @loader_path/Frameworks";
				PRODUCT_BUNDLE_IDENTIFIER = af.cuteCatUITests;
				PRODUCT_NAME = "$(TARGET_NAME)";
				SWIFT_SWIFT3_OBJC_INFERENCE = On;
				SWIFT_VERSION = 4.0;
				TEST_TARGET_NAME = cuteCat;
			};
			name = Debug;
		};
		7E4C91381EC519C3007EB735 /* Release */ = {
			isa = XCBuildConfiguration;
			baseConfigurationReference = 73D7D1EBED588F84A3BC5F36 /* Pods-cuteCatUITests.release.xcconfig */;
			buildSettings = {
				ALWAYS_EMBED_SWIFT_STANDARD_LIBRARIES = YES;
				DEVELOPMENT_TEAM = AM8T85FCLU;
				INFOPLIST_FILE = cuteCatUITests/Info.plist;
				LD_RUNPATH_SEARCH_PATHS = "$(inherited) @executable_path/Frameworks @loader_path/Frameworks";
				PRODUCT_BUNDLE_IDENTIFIER = af.cuteCatUITests;
				PRODUCT_NAME = "$(TARGET_NAME)";
				SWIFT_SWIFT3_OBJC_INFERENCE = On;
				SWIFT_VERSION = 4.0;
				TEST_TARGET_NAME = cuteCat;
			};
			name = Release;
		};
/* End XCBuildConfiguration section */

/* Begin XCConfigurationList section */
		7E4C91031EC519C3007EB735 /* Build configuration list for PBXProject "cuteCat" */ = {
			isa = XCConfigurationList;
			buildConfigurations = (
				7E4C912E1EC519C3007EB735 /* Debug */,
				7E4C912F1EC519C3007EB735 /* Release */,
			);
			defaultConfigurationIsVisible = 0;
			defaultConfigurationName = Release;
		};
		7E4C91301EC519C3007EB735 /* Build configuration list for PBXNativeTarget "cuteCat" */ = {
			isa = XCConfigurationList;
			buildConfigurations = (
				7E4C91311EC519C3007EB735 /* Debug */,
				7E4C91321EC519C3007EB735 /* Release */,
			);
			defaultConfigurationIsVisible = 0;
			defaultConfigurationName = Release;
		};
		7E4C91331EC519C3007EB735 /* Build configuration list for PBXNativeTarget "cuteCatTests" */ = {
			isa = XCConfigurationList;
			buildConfigurations = (
				7E4C91341EC519C3007EB735 /* Debug */,
				7E4C91351EC519C3007EB735 /* Release */,
			);
			defaultConfigurationIsVisible = 0;
			defaultConfigurationName = Release;
		};
		7E4C91361EC519C3007EB735 /* Build configuration list for PBXNativeTarget "cuteCatUITests" */ = {
			isa = XCConfigurationList;
			buildConfigurations = (
				7E4C91371EC519C3007EB735 /* Debug */,
				7E4C91381EC519C3007EB735 /* Release */,
			);
			defaultConfigurationIsVisible = 0;
			defaultConfigurationName = Release;
		};
/* End XCConfigurationList section */
	};
	rootObject = 7E4C91001EC519C3007EB735 /* Project object */;
}
