// !$*UTF8*$!
{
	archiveVersion = 1;
	classes = {
	};
	objectVersion = 46;
	objects = {

/* Begin PBXBuildFile section */
		7E4C910C1EC519C3007EB735 /* AppDelegate.swift in Sources */ = {isa = PBXBuildFile; fileRef = 7E4C910B1EC519C3007EB735 /* AppDelegate.swift */; };
		7E4C910E1EC519C3007EB735 /* ViewController.swift in Sources */ = {isa = PBXBuildFile; fileRef = 7E4C910D1EC519C3007EB735 /* ViewController.swift */; };
		7E4C91111EC519C3007EB735 /* Main.storyboard in Resources */ = {isa = PBXBuildFile; fileRef = 7E4C910F1EC519C3007EB735 /* Main.storyboard */; };
		7E4C91131EC519C3007EB735 /* Assets.xcassets in Resources */ = {isa = PBXBuildFile; fileRef = 7E4C91121EC519C3007EB735 /* Assets.xcassets */; };
		7E4C91161EC519C3007EB735 /* LaunchScreen.storyboard in Resources */ = {isa = PBXBuildFile; fileRef = 7E4C91141EC519C3007EB735 /* LaunchScreen.storyboard */; };
		7E4C91211EC519C3007EB735 /* cuteCatTests.swift in Sources */ = {isa = PBXBuildFile; fileRef = 7E4C91201EC519C3007EB735 /* cuteCatTests.swift */; };
		7E4C912C1EC519C3007EB735 /* cuteCatUITests.swift in Sources */ = {isa = PBXBuildFile; fileRef = 7E4C912B1EC519C3007EB735 /* cuteCatUITests.swift */; };
		7E4C913A1EC51B54007EB735 /* popSound.mp3 in Resources */ = {isa = PBXBuildFile; fileRef = 7E4C91391EC51B54007EB735 /* popSound.mp3 */; };
		7E4C917A1EC55C79007EB735 /* UIView+rgbFade.swift in Sources */ = {isa = PBXBuildFile; fileRef = 7E4C91791EC55C79007EB735 /* UIView+rgbFade.swift */; };
		7E4C917E1EC55F1F007EB735 /* UIImageView+animate.swift in Sources */ = {isa = PBXBuildFile; fileRef = 7E4C917D1EC55F1F007EB735 /* UIImageView+animate.swift */; };
		EF08B1FB1EEAE43200BBB268 /* helpVC.swift in Sources */ = {isa = PBXBuildFile; fileRef = EF08B1FA1EEAE43200BBB268 /* helpVC.swift */; };
		EF5EC0C71EDDE631001E96DD /* achieveVC.swift in Sources */ = {isa = PBXBuildFile; fileRef = EF5EC0C61EDDE631001E96DD /* achieveVC.swift */; };
		EF69DBA81EE1C9C200C82AD5 /* gifs.swift in Sources */ = {isa = PBXBuildFile; fileRef = EF69DBA71EE1C9C200C82AD5 /* gifs.swift */; };
/* End PBXBuildFile section */

/* Begin PBXContainerItemProxy section */
		7E4C911D1EC519C3007EB735 /* PBXContainerItemProxy */ = {
			isa = PBXContainerItemProxy;
			containerPortal = 7E4C91001EC519C3007EB735 /* Project object */;
			proxyType = 1;
			remoteGlobalIDString = 7E4C91071EC519C3007EB735;
			remoteInfo = cuteCat;
		};
		7E4C91281EC519C3007EB735 /* PBXContainerItemProxy */ = {
			isa = PBXContainerItemProxy;
			containerPortal = 7E4C91001EC519C3007EB735 /* Project object */;
			proxyType = 1;
			remoteGlobalIDString = 7E4C91071EC519C3007EB735;
			remoteInfo = cuteCat;
		};
/* End PBXContainerItemProxy section */

/* Begin PBXFileReference section */
		7E4C91081EC519C3007EB735 /* cuteCat.app */ = {isa = PBXFileReference; explicitFileType = wrapper.application; includeInIndex = 0; path = cuteCat.app; sourceTree = BUILT_PRODUCTS_DIR; };
		7E4C910B1EC519C3007EB735 /* AppDelegate.swift */ = {isa = PBXFileReference; lastKnownFileType = sourcecode.swift; path = AppDelegate.swift; sourceTree = "<group>"; };
		7E4C910D1EC519C3007EB735 /* ViewController.swift */ = {isa = PBXFileReference; lastKnownFileType = sourcecode.swift; path = ViewController.swift; sourceTree = "<group>"; };
		7E4C91101EC519C3007EB735 /* Base */ = {isa = PBXFileReference; lastKnownFileType = file.storyboard; name = Base; path = Base.lproj/Main.storyboard; sourceTree = "<group>"; };
		7E4C91121EC519C3007EB735 /* Assets.xcassets */ = {isa = PBXFileReference; lastKnownFileType = folder.assetcatalog; path = Assets.xcassets; sourceTree = "<group>"; };
		7E4C91151EC519C3007EB735 /* Base */ = {isa = PBXFileReference; lastKnownFileType = file.storyboard; name = Base; path = Base.lproj/LaunchScreen.storyboard; sourceTree = "<group>"; };
		7E4C91171EC519C3007EB735 /* Info.plist */ = {isa = PBXFileReference; lastKnownFileType = text.plist.xml; path = Info.plist; sourceTree = "<group>"; };
		7E4C911C1EC519C3007EB735 /* cuteCatTests.xctest */ = {isa = PBXFileReference; explicitFileType = wrapper.cfbundle; includeInIndex = 0; path = cuteCatTests.xctest; sourceTree = BUILT_PRODUCTS_DIR; };
		7E4C91201EC519C3007EB735 /* cuteCatTests.swift */ = {isa = PBXFileReference; lastKnownFileType = sourcecode.swift; path = cuteCatTests.swift; sourceTree = "<group>"; };
		7E4C91221EC519C3007EB735 /* Info.plist */ = {isa = PBXFileReference; lastKnownFileType = text.plist.xml; path = Info.plist; sourceTree = "<group>"; };
		7E4C91271EC519C3007EB735 /* cuteCatUITests.xctest */ = {isa = PBXFileReference; explicitFileType = wrapper.cfbundle; includeInIndex = 0; path = cuteCatUITests.xctest; sourceTree = BUILT_PRODUCTS_DIR; };
		7E4C912B1EC519C3007EB735 /* cuteCatUITests.swift */ = {isa = PBXFileReference; lastKnownFileType = sourcecode.swift; path = cuteCatUITests.swift; sourceTree = "<group>"; };
		7E4C912D1EC519C3007EB735 /* Info.plist */ = {isa = PBXFileReference; lastKnownFileType = text.plist.xml; path = Info.plist; sourceTree = "<group>"; };
		7E4C91391EC51B54007EB735 /* popSound.mp3 */ = {isa = PBXFileReference; lastKnownFileType = audio.mp3; path = popSound.mp3; sourceTree = "<group>"; };
		7E4C91791EC55C79007EB735 /* UIView+rgbFade.swift */ = {isa = PBXFileReference; fileEncoding = 4; lastKnownFileType = sourcecode.swift; path = "UIView+rgbFade.swift"; sourceTree = "<group>"; };
		7E4C917D1EC55F1F007EB735 /* UIImageView+animate.swift */ = {isa = PBXFileReference; fileEncoding = 4; lastKnownFileType = sourcecode.swift; path = "UIImageView+animate.swift"; sourceTree = "<group>"; };
		EF08B1FA1EEAE43200BBB268 /* helpVC.swift */ = {isa = PBXFileReference; fileEncoding = 4; lastKnownFileType = sourcecode.swift; path = helpVC.swift; sourceTree = "<group>"; };
		EF5EC0C61EDDE631001E96DD /* achieveVC.swift */ = {isa = PBXFileReference; fileEncoding = 4; lastKnownFileType = sourcecode.swift; path = achieveVC.swift; sourceTree = "<group>"; };
		EF69DBA71EE1C9C200C82AD5 /* gifs.swift */ = {isa = PBXFileReference; fileEncoding = 4; lastKnownFileType = sourcecode.swift; path = gifs.swift; sourceTree = "<group>"; };
/* End PBXFileReference section */

/* Begin PBXFrameworksBuildPhase section */
		7E4C91051EC519C3007EB735 /* Frameworks */ = {
			isa = PBXFrameworksBuildPhase;
			buildActionMask = 2147483647;
			files = (
			);
			runOnlyForDeploymentPostprocessing = 0;
		};
		7E4C91191EC519C3007EB735 /* Frameworks */ = {
			isa = PBXFrameworksBuildPhase;
			buildActionMask = 2147483647;
			files = (
			);
			runOnlyForDeploymentPostprocessing = 0;
		};
		7E4C91241EC519C3007EB735 /* Frameworks */ = {
			isa = PBXFrameworksBuildPhase;
			buildActionMask = 2147483647;
			files = (
			);
			runOnlyForDeploymentPostprocessing = 0;
		};
/* End PBXFrameworksBuildPhase section */

/* Begin PBXGroup section */
		7E4C90FF1EC519C3007EB735 = {
			isa = PBXGroup;
			children = (
				7E4C910A1EC519C3007EB735 /* cuteCat */,
				7E4C911F1EC519C3007EB735 /* cuteCatTests */,
				7E4C912A1EC519C3007EB735 /* cuteCatUITests */,
				7E4C91091EC519C3007EB735 /* Products */,
			);
			sourceTree = "<group>";
		};
		7E4C91091EC519C3007EB735 /* Products */ = {
			isa = PBXGroup;
			children = (
				7E4C91081EC519C3007EB735 /* cuteCat.app */,
				7E4C911C1EC519C3007EB735 /* cuteCatTests.xctest */,
				7E4C91271EC519C3007EB735 /* cuteCatUITests.xctest */,
			);
			name = Products;
			sourceTree = "<group>";
		};
		7E4C910A1EC519C3007EB735 /* cuteCat */ = {
			isa = PBXGroup;
			children = (
				7E4C910B1EC519C3007EB735 /* AppDelegate.swift */,
				7E4C910D1EC519C3007EB735 /* ViewController.swift */,
				EF69DBA71EE1C9C200C82AD5 /* gifs.swift */,
				7E4C910F1EC519C3007EB735 /* Main.storyboard */,
				EF08B1FA1EEAE43200BBB268 /* helpVC.swift */,
				EF5EC0C61EDDE631001E96DD /* achieveVC.swift */,
				7E4C91121EC519C3007EB735 /* Assets.xcassets */,
				7E4C91141EC519C3007EB735 /* LaunchScreen.storyboard */,
				7E4C91391EC51B54007EB735 /* popSound.mp3 */,
				7E4C91171EC519C3007EB735 /* Info.plist */,
				7E4C91791EC55C79007EB735 /* UIView+rgbFade.swift */,
				7E4C917D1EC55F1F007EB735 /* UIImageView+animate.swift */,
			);
			path = cuteCat;
			sourceTree = "<group>";
		};
		7E4C911F1EC519C3007EB735 /* cuteCatTests */ = {
			isa = PBXGroup;
			children = (
				7E4C91201EC519C3007EB735 /* cuteCatTests.swift */,
				7E4C91221EC519C3007EB735 /* Info.plist */,
			);
			path = cuteCatTests;
			sourceTree = "<group>";
		};
		7E4C912A1EC519C3007EB735 /* cuteCatUITests */ = {
			isa = PBXGroup;
			children = (
				7E4C912B1EC519C3007EB735 /* cuteCatUITests.swift */,
				7E4C912D1EC519C3007EB735 /* Info.plist */,
			);
			path = cuteCatUITests;
			sourceTree = "<group>";
		};
/* End PBXGroup section */

/* Begin PBXNativeTarget section */
		7E4C91071EC519C3007EB735 /* cuteCat */ = {
			isa = PBXNativeTarget;
			buildConfigurationList = 7E4C91301EC519C3007EB735 /* Build configuration list for PBXNativeTarget "cuteCat" */;
			buildPhases = (
				7E4C91041EC519C3007EB735 /* Sources */,
				7E4C91051EC519C3007EB735 /* Frameworks */,
				7E4C91061EC519C3007EB735 /* Resources */,
			);
			buildRules = (
			);
			dependencies = (
			);
			name = cuteCat;
			productName = cuteCat;
			productReference = 7E4C91081EC519C3007EB735 /* cuteCat.app */;
			productType = "com.apple.product-type.application";
		};
		7E4C911B1EC519C3007EB735 /* cuteCatTests */ = {
			isa = PBXNativeTarget;
			buildConfigurationList = 7E4C91331EC519C3007EB735 /* Build configuration list for PBXNativeTarget "cuteCatTests" */;
			buildPhases = (
				7E4C91181EC519C3007EB735 /* Sources */,
				7E4C91191EC519C3007EB735 /* Frameworks */,
				7E4C911A1EC519C3007EB735 /* Resources */,
			);
			buildRules = (
			);
			dependencies = (
				7E4C911E1EC519C3007EB735 /* PBXTargetDependency */,
			);
			name = cuteCatTests;
			productName = cuteCatTests;
			productReference = 7E4C911C1EC519C3007EB735 /* cuteCatTests.xctest */;
			productType = "com.apple.product-type.bundle.unit-test";
		};
		7E4C91261EC519C3007EB735 /* cuteCatUITests */ = {
			isa = PBXNativeTarget;
			buildConfigurationList = 7E4C91361EC519C3007EB735 /* Build configuration list for PBXNativeTarget "cuteCatUITests" */;
			buildPhases = (
				7E4C91231EC519C3007EB735 /* Sources */,
				7E4C91241EC519C3007EB735 /* Frameworks */,
				7E4C91251EC519C3007EB735 /* Resources */,
			);
			buildRules = (
			);
			dependencies = (
				7E4C91291EC519C3007EB735 /* PBXTargetDependency */,
			);
			name = cuteCatUITests;
			productName = cuteCatUITests;
			productReference = 7E4C91271EC519C3007EB735 /* cuteCatUITests.xctest */;
			productType = "com.apple.product-type.bundle.ui-testing";
		};
/* End PBXNativeTarget section */

/* Begin PBXProject section */
		7E4C91001EC519C3007EB735 /* Project object */ = {
			isa = PBXProject;
			attributes = {
				LastSwiftUpdateCheck = 0830;
				LastUpgradeCheck = 0830;
				ORGANIZATIONNAME = "Alisha Fong";
				TargetAttributes = {
					7E4C91071EC519C3007EB735 = {
						CreatedOnToolsVersion = 8.3.2;
						DevelopmentTeam = AM8T85FCLU;
						ProvisioningStyle = Automatic;
					};
					7E4C911B1EC519C3007EB735 = {
						CreatedOnToolsVersion = 8.3.2;
						DevelopmentTeam = AM8T85FCLU;
						ProvisioningStyle = Automatic;
						TestTargetID = 7E4C91071EC519C3007EB735;
					};
					7E4C91261EC519C3007EB735 = {
						CreatedOnToolsVersion = 8.3.2;
						DevelopmentTeam = AM8T85FCLU;
						ProvisioningStyle = Automatic;
						TestTargetID = 7E4C91071EC519C3007EB735;
					};
				};
			};
			buildConfigurationList = 7E4C91031EC519C3007EB735 /* Build configuration list for PBXProject "cuteCat" */;
			compatibilityVersion = "Xcode 3.2";
			developmentRegion = English;
			hasScannedForEncodings = 0;
			knownRegions = (
				en,
				Base,
			);
			mainGroup = 7E4C90FF1EC519C3007EB735;
			productRefGroup = 7E4C91091EC519C3007EB735 /* Products */;
			projectDirPath = "";
			projectRoot = "";
			targets = (
				7E4C91071EC519C3007EB735 /* cuteCat */,
				7E4C911B1EC519C3007EB735 /* cuteCatTests */,
				7E4C91261EC519C3007EB735 /* cuteCatUITests */,
			);
		};
/* End PBXProject section */

/* Begin PBXResourcesBuildPhase section */
		7E4C91061EC519C3007EB735 /* Resources */ = {
			isa = PBXResourcesBuildPhase;
			buildActionMask = 2147483647;
			files = (
				7E4C91161EC519C3007EB735 /* LaunchScreen.storyboard in Resources */,
				7E4C91131EC519C3007EB735 /* Assets.xcassets in Resources */,
				7E4C913A1EC51B54007EB735 /* popSound.mp3 in Resources */,
				7E4C91111EC519C3007EB735 /* Main.storyboard in Resources */,
			);
			runOnlyForDeploymentPostprocessing = 0;
		};
		7E4C911A1EC519C3007EB735 /* Resources */ = {
			isa = PBXResourcesBuildPhase;
			buildActionMask = 2147483647;
			files = (
			);
			runOnlyForDeploymentPostprocessing = 0;
		};
		7E4C91251EC519C3007EB735 /* Resources */ = {
			isa = PBXResourcesBuildPhase;
			buildActionMask = 2147483647;
			files = (
			);
			runOnlyForDeploymentPostprocessing = 0;
		};
/* End PBXResourcesBuildPhase section */

/* Begin PBXSourcesBuildPhase section */
		7E4C91041EC519C3007EB735 /* Sources */ = {
			isa = PBXSourcesBuildPhase;
			buildActionMask = 2147483647;
			files = (
				7E4C917A1EC55C79007EB735 /* UIView+rgbFade.swift in Sources */,
				7E4C910E1EC519C3007EB735 /* ViewController.swift in Sources */,
				EF08B1FB1EEAE43200BBB268 /* helpVC.swift in Sources */,
				EF69DBA81EE1C9C200C82AD5 /* gifs.swift in Sources */,
				7E4C917E1EC55F1F007EB735 /* UIImageView+animate.swift in Sources */,
				7E4C910C1EC519C3007EB735 /* AppDelegate.swift in Sources */,
				EF5EC0C71EDDE631001E96DD /* achieveVC.swift in Sources */,
			);
			runOnlyForDeploymentPostprocessing = 0;
		};
		7E4C91181EC519C3007EB735 /* Sources */ = {
			isa = PBXSourcesBuildPhase;
			buildActionMask = 2147483647;
			files = (
				7E4C91211EC519C3007EB735 /* cuteCatTests.swift in Sources */,
			);
			runOnlyForDeploymentPostprocessing = 0;
		};
		7E4C91231EC519C3007EB735 /* Sources */ = {
			isa = PBXSourcesBuildPhase;
			buildActionMask = 2147483647;
			files = (
				7E4C912C1EC519C3007EB735 /* cuteCatUITests.swift in Sources */,
			);
			runOnlyForDeploymentPostprocessing = 0;
		};
/* End PBXSourcesBuildPhase section */

/* Begin PBXTargetDependency section */
		7E4C911E1EC519C3007EB735 /* PBXTargetDependency */ = {
			isa = PBXTargetDependency;
			target = 7E4C91071EC519C3007EB735 /* cuteCat */;
			targetProxy = 7E4C911D1EC519C3007EB735 /* PBXContainerItemProxy */;
		};
		7E4C91291EC519C3007EB735 /* PBXTargetDependency */ = {
			isa = PBXTargetDependency;
			target = 7E4C91071EC519C3007EB735 /* cuteCat */;
			targetProxy = 7E4C91281EC519C3007EB735 /* PBXContainerItemProxy */;
		};
/* End PBXTargetDependency section */

/* Begin PBXVariantGroup section */
		7E4C910F1EC519C3007EB735 /* Main.storyboard */ = {
			isa = PBXVariantGroup;
			children = (
				7E4C91101EC519C3007EB735 /* Base */,
			);
			name = Main.storyboard;
			sourceTree = "<group>";
		};
		7E4C91141EC519C3007EB735 /* LaunchScreen.storyboard */ = {
			isa = PBXVariantGroup;
			children = (
				7E4C91151EC519C3007EB735 /* Base */,
			);
			name = LaunchScreen.storyboard;
			sourceTree = "<group>";
		};
/* End PBXVariantGroup section */

/* Begin XCBuildConfiguration section */
		7E4C912E1EC519C3007EB735 /* Debug */ = {
			isa = XCBuildConfiguration;
			buildSettings = {
				ALWAYS_SEARCH_USER_PATHS = NO;
				CLANG_ANALYZER_NONNULL = YES;
				CLANG_ANALYZER_NUMBER_OBJECT_CONVERSION = YES_AGGRESSIVE;
				CLANG_CXX_LANGUAGE_STANDARD = "gnu++0x";
				CLANG_CXX_LIBRARY = "libc++";
				CLANG_ENABLE_MODULES = YES;
				CLANG_ENABLE_OBJC_ARC = YES;
				CLANG_WARN_BOOL_CONVERSION = YES;
				CLANG_WARN_CONSTANT_CONVERSION = YES;
				CLANG_WARN_DIRECT_OBJC_ISA_USAGE = YES_ERROR;
				CLANG_WARN_DOCUMENTATION_COMMENTS = YES;
				CLANG_WARN_EMPTY_BODY = YES;
				CLANG_WARN_ENUM_CONVERSION = YES;
				CLANG_WARN_INFINITE_RECURSION = YES;
				CLANG_WARN_INT_CONVERSION = YES;
				CLANG_WARN_OBJC_ROOT_CLASS = YES_ERROR;
				CLANG_WARN_SUSPICIOUS_MOVE = YES;
				CLANG_WARN_UNREACHABLE_CODE = YES;
				CLANG_WARN__DUPLICATE_METHOD_MATCH = YES;
				"CODE_SIGN_IDENTITY[sdk=iphoneos*]" = "iPhone Developer";
				COPY_PHASE_STRIP = NO;
				DEBUG_INFORMATION_FORMAT = dwarf;
				ENABLE_STRICT_OBJC_MSGSEND = YES;
				ENABLE_TESTABILITY = YES;
				GCC_C_LANGUAGE_STANDARD = gnu99;
				GCC_DYNAMIC_NO_PIC = NO;
				GCC_NO_COMMON_BLOCKS = YES;
				GCC_OPTIMIZATION_LEVEL = 0;
				GCC_PREPROCESSOR_DEFINITIONS = (
					"DEBUG=1",
					"$(inherited)",
				);
				GCC_WARN_64_TO_32_BIT_CONVERSION = YES;
				GCC_WARN_ABOUT_RETURN_TYPE = YES_ERROR;
				GCC_WARN_UNDECLARED_SELECTOR = YES;
				GCC_WARN_UNINITIALIZED_AUTOS = YES_AGGRESSIVE;
				GCC_WARN_UNUSED_FUNCTION = YES;
				GCC_WARN_UNUSED_VARIABLE = YES;
				IPHONEOS_DEPLOYMENT_TARGET = 10.3;
				MTL_ENABLE_DEBUG_INFO = YES;
				ONLY_ACTIVE_ARCH = YES;
				SDKROOT = iphoneos;
				SWIFT_ACTIVE_COMPILATION_CONDITIONS = DEBUG;
				SWIFT_OPTIMIZATION_LEVEL = "-Onone";
				TARGETED_DEVICE_FAMILY = "1,2";
			};
			name = Debug;
		};
		7E4C912F1EC519C3007EB735 /* Release */ = {
			isa = XCBuildConfiguration;
			buildSettings = {
				ALWAYS_SEARCH_USER_PATHS = NO;
				CLANG_ANALYZER_NONNULL = YES;
				CLANG_ANALYZER_NUMBER_OBJECT_CONVERSION = YES_AGGRESSIVE;
				CLANG_CXX_LANGUAGE_STANDARD = "gnu++0x";
				CLANG_CXX_LIBRARY = "libc++";
				CLANG_ENABLE_MODULES = YES;
				CLANG_ENABLE_OBJC_ARC = YES;
				CLANG_WARN_BOOL_CONVERSION = YES;
				CLANG_WARN_CONSTANT_CONVERSION = YES;
				CLANG_WARN_DIRECT_OBJC_ISA_USAGE = YES_ERROR;
				CLANG_WARN_DOCUMENTATION_COMMENTS = YES;
				CLANG_WARN_EMPTY_BODY = YES;
				CLANG_WARN_ENUM_CONVERSION = YES;
				CLANG_WARN_INFINITE_RECURSION = YES;
				CLANG_WARN_INT_CONVERSION = YES;
				CLANG_WARN_OBJC_ROOT_CLASS = YES_ERROR;
				CLANG_WARN_SUSPICIOUS_MOVE = YES;
				CLANG_WARN_UNREACHABLE_CODE = YES;
				CLANG_WARN__DUPLICATE_METHOD_MATCH = YES;
				"CODE_SIGN_IDENTITY[sdk=iphoneos*]" = "iPhone Developer";
				COPY_PHASE_STRIP = NO;
				DEBUG_INFORMATION_FORMAT = "dwarf-with-dsym";
				ENABLE_NS_ASSERTIONS = NO;
				ENABLE_STRICT_OBJC_MSGSEND = YES;
				GCC_C_LANGUAGE_STANDARD = gnu99;
				GCC_NO_COMMON_BLOCKS = YES;
				GCC_WARN_64_TO_32_BIT_CONVERSION = YES;
				GCC_WARN_ABOUT_RETURN_TYPE = YES_ERROR;
				GCC_WARN_UNDECLARED_SELECTOR = YES;
				GCC_WARN_UNINITIALIZED_AUTOS = YES_AGGRESSIVE;
				GCC_WARN_UNUSED_FUNCTION = YES;
				GCC_WARN_UNUSED_VARIABLE = YES;
				IPHONEOS_DEPLOYMENT_TARGET = 10.3;
				MTL_ENABLE_DEBUG_INFO = NO;
				SDKROOT = iphoneos;
				SWIFT_OPTIMIZATION_LEVEL = "-Owholemodule";
				TARGETED_DEVICE_FAMILY = "1,2";
				VALIDATE_PRODUCT = YES;
			};
			name = Release;
		};
		7E4C91311EC519C3007EB735 /* Debug */ = {
			isa = XCBuildConfiguration;
			buildSettings = {
				ASSETCATALOG_COMPILER_APPICON_NAME = AppIcon;
				DEVELOPMENT_TEAM = AM8T85FCLU;
				INFOPLIST_FILE = cuteCat/Info.plist;
				LD_RUNPATH_SEARCH_PATHS = "$(inherited) @executable_path/Frameworks";
				PRODUCT_BUNDLE_IDENTIFIER = af.cuteCat;
				PRODUCT_NAME = "$(TARGET_NAME)";
				SWIFT_VERSION = 3.0;
			};
			name = Debug;
		};
		7E4C91321EC519C3007EB735 /* Release */ = {
			isa = XCBuildConfiguration;
			buildSettings = {
				ASSETCATALOG_COMPILER_APPICON_NAME = AppIcon;
				DEVELOPMENT_TEAM = AM8T85FCLU;
				INFOPLIST_FILE = cuteCat/Info.plist;
				LD_RUNPATH_SEARCH_PATHS = "$(inherited) @executable_path/Frameworks";
				PRODUCT_BUNDLE_IDENTIFIER = af.cuteCat;
				PRODUCT_NAME = "$(TARGET_NAME)";
				SWIFT_VERSION = 3.0;
			};
			name = Release;
		};
		7E4C91341EC519C3007EB735 /* Debug */ = {
			isa = XCBuildConfiguration;
			buildSettings = {
				ALWAYS_EMBED_SWIFT_STANDARD_LIBRARIES = YES;
				BUNDLE_LOADER = "$(TEST_HOST)";
				DEVELOPMENT_TEAM = AM8T85FCLU;
				INFOPLIST_FILE = cuteCatTests/Info.plist;
				LD_RUNPATH_SEARCH_PATHS = "$(inherited) @executable_path/Frameworks @loader_path/Frameworks";
				PRODUCT_BUNDLE_IDENTIFIER = af.cuteCatTests;
				PRODUCT_NAME = "$(TARGET_NAME)";
				SWIFT_VERSION = 3.0;
				TEST_HOST = "$(BUILT_PRODUCTS_DIR)/cuteCat.app/cuteCat";
			};
			name = Debug;
		};
		7E4C91351EC519C3007EB735 /* Release */ = {
			isa = XCBuildConfiguration;
			buildSettings = {
				ALWAYS_EMBED_SWIFT_STANDARD_LIBRARIES = YES;
				BUNDLE_LOADER = "$(TEST_HOST)";
				DEVELOPMENT_TEAM = AM8T85FCLU;
				INFOPLIST_FILE = cuteCatTests/Info.plist;
				LD_RUNPATH_SEARCH_PATHS = "$(inherited) @executable_path/Frameworks @loader_path/Frameworks";
				PRODUCT_BUNDLE_IDENTIFIER = af.cuteCatTests;
				PRODUCT_NAME = "$(TARGET_NAME)";
				SWIFT_VERSION = 3.0;
				TEST_HOST = "$(BUILT_PRODUCTS_DIR)/cuteCat.app/cuteCat";
			};
			name = Release;
		};
		7E4C91371EC519C3007EB735 /* Debug */ = {
			isa = XCBuildConfiguration;
			buildSettings = {
				ALWAYS_EMBED_SWIFT_STANDARD_LIBRARIES = YES;
				DEVELOPMENT_TEAM = AM8T85FCLU;
				INFOPLIST_FILE = cuteCatUITests/Info.plist;
				LD_RUNPATH_SEARCH_PATHS = "$(inherited) @executable_path/Frameworks @loader_path/Frameworks";
				PRODUCT_BUNDLE_IDENTIFIER = af.cuteCatUITests;
				PRODUCT_NAME = "$(TARGET_NAME)";
				SWIFT_VERSION = 3.0;
				TEST_TARGET_NAME = cuteCat;
			};
			name = Debug;
		};
		7E4C91381EC519C3007EB735 /* Release */ = {
			isa = XCBuildConfiguration;
			buildSettings = {
				ALWAYS_EMBED_SWIFT_STANDARD_LIBRARIES = YES;
				DEVELOPMENT_TEAM = AM8T85FCLU;
				INFOPLIST_FILE = cuteCatUITests/Info.plist;
				LD_RUNPATH_SEARCH_PATHS = "$(inherited) @executable_path/Frameworks @loader_path/Frameworks";
				PRODUCT_BUNDLE_IDENTIFIER = af.cuteCatUITests;
				PRODUCT_NAME = "$(TARGET_NAME)";
				SWIFT_VERSION = 3.0;
				TEST_TARGET_NAME = cuteCat;
			};
			name = Release;
		};
/* End XCBuildConfiguration section */

/* Begin XCConfigurationList section */
		7E4C91031EC519C3007EB735 /* Build configuration list for PBXProject "cuteCat" */ = {
			isa = XCConfigurationList;
			buildConfigurations = (
				7E4C912E1EC519C3007EB735 /* Debug */,
				7E4C912F1EC519C3007EB735 /* Release */,
			);
			defaultConfigurationIsVisible = 0;
			defaultConfigurationName = Release;
		};
		7E4C91301EC519C3007EB735 /* Build configuration list for PBXNativeTarget "cuteCat" */ = {
			isa = XCConfigurationList;
			buildConfigurations = (
				7E4C91311EC519C3007EB735 /* Debug */,
				7E4C91321EC519C3007EB735 /* Release */,
			);
			defaultConfigurationIsVisible = 0;
			defaultConfigurationName = Release;
		};
		7E4C91331EC519C3007EB735 /* Build configuration list for PBXNativeTarget "cuteCatTests" */ = {
			isa = XCConfigurationList;
			buildConfigurations = (
				7E4C91341EC519C3007EB735 /* Debug */,
				7E4C91351EC519C3007EB735 /* Release */,
			);
			defaultConfigurationIsVisible = 0;
			defaultConfigurationName = Release;
		};
		7E4C91361EC519C3007EB735 /* Build configuration list for PBXNativeTarget "cuteCatUITests" */ = {
			isa = XCConfigurationList;
			buildConfigurations = (
				7E4C91371EC519C3007EB735 /* Debug */,
				7E4C91381EC519C3007EB735 /* Release */,
			);
			defaultConfigurationIsVisible = 0;
			defaultConfigurationName = Release;
		};
/* End XCConfigurationList section */
	};
	rootObject = 7E4C91001EC519C3007EB735 /* Project object */;
}
